
Microsoft Visual Studio Solution File, Format Version 12.00
# Visual Studio 15
Project("{FAE04EC0-301F-11D3-BF4B-00C04F79EFBC}") = "FileReaderUtility", "FileReaderUtility\FileReaderUtility.csproj", "{E43A4591-8AF5-4D8D-9805-2273F86C574F}"
EndProject
Project("{FAE04EC0-301F-11D3-BF4B-00C04F79EFBC}") = "FileReaderUtility.Tests", "FileReaderUtility.Tests\FileReaderUtility.Tests.csproj", "{2DEA745F-296F-4EF3-A11E-3BDE0E4273C9}"
EndProject
Global
	GlobalSection(SolutionConfigurationPlatforms) = preSolution
		Debug|Any CPU = Debug|Any CPU
		Release|Any CPU = Release|Any CPU
	EndGlobalSection
	GlobalSection(ProjectConfigurationPlatforms) = postSolution
		{E43A4591-8AF5-4D8D-9805-2273F86C574F}.Debug|Any CPU.ActiveCfg = Debug|Any CPU
		{E43A4591-8AF5-4D8D-9805-2273F86C574F}.Debug|Any CPU.Build.0 = Debug|Any CPU
		{E43A4591-8AF5-4D8D-9805-2273F86C574F}.Release|Any CPU.ActiveCfg = Release|Any CPU
		{E43A4591-8AF5-4D8D-9805-2273F86C574F}.Release|Any CPU.Build.0 = Release|Any CPU
		{2DEA745F-296F-4EF3-A11E-3BDE0E4273C9}.Debug|Any CPU.ActiveCfg = Debug|Any CPU
		{2DEA745F-296F-4EF3-A11E-3BDE0E4273C9}.Debug|Any CPU.Build.0 = Debug|Any CPU
		{2DEA745F-296F-4EF3-A11E-3BDE0E4273C9}.Release|Any CPU.ActiveCfg = Release|Any CPU
		{2DEA745F-296F-4EF3-A11E-3BDE0E4273C9}.Release|Any CPU.Build.0 = Release|Any CPU
	EndGlobalSection
EndGlobal
